
Microsoft Visual Studio Solution File, Format Version 12.00
Project("{FAE04EC0-301F-11D3-BF4B-00C04F79EFBC}") = "Storage.Benchmark", "Storage.Benchmark\Storage.Benchmark.csproj", "{6A122A86-2441-4E4B-8159-294AE1C50C9E}"
EndProject
Project("{FAE04EC0-301F-11D3-BF4B-00C04F79EFBC}") = "Storage.Caching.Memory", "Storage.Caching.Memory\Storage.Caching.Memory.csproj", "{986D298B-29B9-4F9D-8902-95D35E76D4DC}"
EndProject
Project("{FAE04EC0-301F-11D3-BF4B-00C04F79EFBC}") = "Application.UnitTests", "Application.UnitTests\Application.UnitTests.csproj", "{29C02BF1-7A23-486B-ADAA-B798A102BE4C}"
EndProject
Project("{2150E333-8FDC-42A3-9474-1A3956D46DE8}") = "src", "src", "{BAAC80AA-2524-46CE-B28F-BE757A29945A}"
EndProject
Project("{2150E333-8FDC-42A3-9474-1A3956D46DE8}") = "tests", "tests", "{E7333C9D-9EF5-4CC3-961D-FA60F84C14B4}"
EndProject
Project("{2150E333-8FDC-42A3-9474-1A3956D46DE8}") = "benchmarks", "benchmarks", "{2B1A8CC6-9123-4D1D-AB7B-E82E1FD44D03}"
EndProject
Project("{FAE04EC0-301F-11D3-BF4B-00C04F79EFBC}") = "Domain", "Domain\Domain.csproj", "{DD49793E-97A7-420B-843D-991979F6F091}"
EndProject
Project("{FAE04EC0-301F-11D3-BF4B-00C04F79EFBC}") = "Application", "Application\Application.csproj", "{CF7A42BE-AAB8-4BD8-8501-FD666F7941B5}"
EndProject
Project("{FAE04EC0-301F-11D3-BF4B-00C04F79EFBC}") = "Module.IO", "Module.IO\Module.IO.csproj", "{74401E7D-BF2D-4AFB-BE62-05E136F0D857}"
EndProject
Project("{FAE04EC0-301F-11D3-BF4B-00C04F79EFBC}") = "Module.IO.UnitTests", "Module.IO.UnitTests\Module.IO.UnitTests.csproj", "{3096BB92-A717-4DD0-B66E-AB5F927AE46F}"
EndProject
Global
	GlobalSection(SolutionConfigurationPlatforms) = preSolution
		Debug|Any CPU = Debug|Any CPU
		Release|Any CPU = Release|Any CPU
	EndGlobalSection
	GlobalSection(ProjectConfigurationPlatforms) = postSolution
		{6A122A86-2441-4E4B-8159-294AE1C50C9E}.Debug|Any CPU.ActiveCfg = Debug|Any CPU
		{6A122A86-2441-4E4B-8159-294AE1C50C9E}.Debug|Any CPU.Build.0 = Debug|Any CPU
		{6A122A86-2441-4E4B-8159-294AE1C50C9E}.Release|Any CPU.ActiveCfg = Release|Any CPU
		{6A122A86-2441-4E4B-8159-294AE1C50C9E}.Release|Any CPU.Build.0 = Release|Any CPU
		{986D298B-29B9-4F9D-8902-95D35E76D4DC}.Debug|Any CPU.ActiveCfg = Debug|Any CPU
		{986D298B-29B9-4F9D-8902-95D35E76D4DC}.Debug|Any CPU.Build.0 = Debug|Any CPU
		{986D298B-29B9-4F9D-8902-95D35E76D4DC}.Release|Any CPU.ActiveCfg = Release|Any CPU
		{986D298B-29B9-4F9D-8902-95D35E76D4DC}.Release|Any CPU.Build.0 = Release|Any CPU
		{29C02BF1-7A23-486B-ADAA-B798A102BE4C}.Debug|Any CPU.ActiveCfg = Debug|Any CPU
		{29C02BF1-7A23-486B-ADAA-B798A102BE4C}.Debug|Any CPU.Build.0 = Debug|Any CPU
		{29C02BF1-7A23-486B-ADAA-B798A102BE4C}.Release|Any CPU.ActiveCfg = Release|Any CPU
		{29C02BF1-7A23-486B-ADAA-B798A102BE4C}.Release|Any CPU.Build.0 = Release|Any CPU
		{DD49793E-97A7-420B-843D-991979F6F091}.Debug|Any CPU.ActiveCfg = Debug|Any CPU
		{DD49793E-97A7-420B-843D-991979F6F091}.Debug|Any CPU.Build.0 = Debug|Any CPU
		{DD49793E-97A7-420B-843D-991979F6F091}.Release|Any CPU.ActiveCfg = Release|Any CPU
		{DD49793E-97A7-420B-843D-991979F6F091}.Release|Any CPU.Build.0 = Release|Any CPU
		{CF7A42BE-AAB8-4BD8-8501-FD666F7941B5}.Debug|Any CPU.ActiveCfg = Debug|Any CPU
		{CF7A42BE-AAB8-4BD8-8501-FD666F7941B5}.Debug|Any CPU.Build.0 = Debug|Any CPU
		{CF7A42BE-AAB8-4BD8-8501-FD666F7941B5}.Release|Any CPU.ActiveCfg = Release|Any CPU
		{CF7A42BE-AAB8-4BD8-8501-FD666F7941B5}.Release|Any CPU.Build.0 = Release|Any CPU
		{74401E7D-BF2D-4AFB-BE62-05E136F0D857}.Debug|Any CPU.ActiveCfg = Debug|Any CPU
		{74401E7D-BF2D-4AFB-BE62-05E136F0D857}.Debug|Any CPU.Build.0 = Debug|Any CPU
		{74401E7D-BF2D-4AFB-BE62-05E136F0D857}.Release|Any CPU.ActiveCfg = Release|Any CPU
		{74401E7D-BF2D-4AFB-BE62-05E136F0D857}.Release|Any CPU.Build.0 = Release|Any CPU
		{3096BB92-A717-4DD0-B66E-AB5F927AE46F}.Debug|Any CPU.ActiveCfg = Debug|Any CPU
		{3096BB92-A717-4DD0-B66E-AB5F927AE46F}.Debug|Any CPU.Build.0 = Debug|Any CPU
		{3096BB92-A717-4DD0-B66E-AB5F927AE46F}.Release|Any CPU.ActiveCfg = Release|Any CPU
		{3096BB92-A717-4DD0-B66E-AB5F927AE46F}.Release|Any CPU.Build.0 = Release|Any CPU
	EndGlobalSection
	GlobalSection(NestedProjects) = preSolution
		{6A122A86-2441-4E4B-8159-294AE1C50C9E} = {2B1A8CC6-9123-4D1D-AB7B-E82E1FD44D03}
		{986D298B-29B9-4F9D-8902-95D35E76D4DC} = {BAAC80AA-2524-46CE-B28F-BE757A29945A}
		{29C02BF1-7A23-486B-ADAA-B798A102BE4C} = {E7333C9D-9EF5-4CC3-961D-FA60F84C14B4}
		{DD49793E-97A7-420B-843D-991979F6F091} = {BAAC80AA-2524-46CE-B28F-BE757A29945A}
		{CF7A42BE-AAB8-4BD8-8501-FD666F7941B5} = {BAAC80AA-2524-46CE-B28F-BE757A29945A}
		{74401E7D-BF2D-4AFB-BE62-05E136F0D857} = {BAAC80AA-2524-46CE-B28F-BE757A29945A}
		{3096BB92-A717-4DD0-B66E-AB5F927AE46F} = {E7333C9D-9EF5-4CC3-961D-FA60F84C14B4}
	EndGlobalSection
EndGlobal
