
Microsoft Visual Studio Solution File, Format Version 12.00
Project("{FAE04EC0-301F-11D3-BF4B-00C04F79EFBC}") = "Storage", "Storage\Storage.csproj", "{4A71FA74-8F5F-4B18-A9BD-B1C9FE48886D}"
EndProject
Project("{FAE04EC0-301F-11D3-BF4B-00C04F79EFBC}") = "Storage.Benchmark", "Storage.Benchmark\Storage.Benchmark.csproj", "{6A122A86-2441-4E4B-8159-294AE1C50C9E}"
EndProject
Project("{FAE04EC0-301F-11D3-BF4B-00C04F79EFBC}") = "Encryption", "Encryption\Encryption.csproj", "{6182025F-D00C-4EB9-9E18-DB3F0CF775E6}"
EndProject
Project("{FAE04EC0-301F-11D3-BF4B-00C04F79EFBC}") = "Storage.Caching.Memory", "Storage.Caching.Memory\Storage.Caching.Memory.csproj", "{986D298B-29B9-4F9D-8902-95D35E76D4DC}"
EndProject
Project("{FAE04EC0-301F-11D3-BF4B-00C04F79EFBC}") = "Storage.Caching", "Storage.Caching\Storage.Caching.csproj", "{9D1EC6F4-F024-4498-8D12-30BCF5598F4E}"
EndProject
Project("{FAE04EC0-301F-11D3-BF4B-00C04F79EFBC}") = "Storage.Tests", "Storage.Tests\Storage.Tests.csproj", "{29C02BF1-7A23-486B-ADAA-B798A102BE4C}"
EndProject
Project("{FAE04EC0-301F-11D3-BF4B-00C04F79EFBC}") = "Serialization", "Serialization\Serialization.csproj", "{587236AF-E051-4B21-8A49-2A076BFEE1BF}"
EndProject
Project("{FAE04EC0-301F-11D3-BF4B-00C04F79EFBC}") = "Serialization.Tests", "Serialization.Tests\Serialization.Tests.csproj", "{3C45D8DA-6971-4CF7-A0A7-09697DC1CF03}"
EndProject
Project("{FAE04EC0-301F-11D3-BF4B-00C04F79EFBC}") = "Serialization.Json", "Serialization.Json\Serialization.Json.csproj", "{B33B644B-271A-436E-A650-A2C899A306E2}"
EndProject
Project("{FAE04EC0-301F-11D3-BF4B-00C04F79EFBC}") = "Serialization.Json.Newtonsoft", "Serialization.Json.Newtonsoft\Serialization.Json.Newtonsoft.csproj", "{2A9FB60A-0A95-4F72-A5C5-AEAE67FC9A5E}"
EndProject
Project("{FAE04EC0-301F-11D3-BF4B-00C04F79EFBC}") = "Serialization.Benchmark", "Serialization.Benchmark\Serialization.Benchmark.csproj", "{A6FDDEBC-8CB1-4EDE-A608-CD6943E1A3CB}"
EndProject
Global
	GlobalSection(SolutionConfigurationPlatforms) = preSolution
		Debug|Any CPU = Debug|Any CPU
		Release|Any CPU = Release|Any CPU
	EndGlobalSection
	GlobalSection(ProjectConfigurationPlatforms) = postSolution
		{4A71FA74-8F5F-4B18-A9BD-B1C9FE48886D}.Debug|Any CPU.ActiveCfg = Debug|Any CPU
		{4A71FA74-8F5F-4B18-A9BD-B1C9FE48886D}.Debug|Any CPU.Build.0 = Debug|Any CPU
		{4A71FA74-8F5F-4B18-A9BD-B1C9FE48886D}.Release|Any CPU.ActiveCfg = Release|Any CPU
		{4A71FA74-8F5F-4B18-A9BD-B1C9FE48886D}.Release|Any CPU.Build.0 = Release|Any CPU
		{6A122A86-2441-4E4B-8159-294AE1C50C9E}.Debug|Any CPU.ActiveCfg = Debug|Any CPU
		{6A122A86-2441-4E4B-8159-294AE1C50C9E}.Debug|Any CPU.Build.0 = Debug|Any CPU
		{6A122A86-2441-4E4B-8159-294AE1C50C9E}.Release|Any CPU.ActiveCfg = Release|Any CPU
		{6A122A86-2441-4E4B-8159-294AE1C50C9E}.Release|Any CPU.Build.0 = Release|Any CPU
		{6182025F-D00C-4EB9-9E18-DB3F0CF775E6}.Debug|Any CPU.ActiveCfg = Debug|Any CPU
		{6182025F-D00C-4EB9-9E18-DB3F0CF775E6}.Debug|Any CPU.Build.0 = Debug|Any CPU
		{6182025F-D00C-4EB9-9E18-DB3F0CF775E6}.Release|Any CPU.ActiveCfg = Release|Any CPU
		{6182025F-D00C-4EB9-9E18-DB3F0CF775E6}.Release|Any CPU.Build.0 = Release|Any CPU
		{986D298B-29B9-4F9D-8902-95D35E76D4DC}.Debug|Any CPU.ActiveCfg = Debug|Any CPU
		{986D298B-29B9-4F9D-8902-95D35E76D4DC}.Debug|Any CPU.Build.0 = Debug|Any CPU
		{986D298B-29B9-4F9D-8902-95D35E76D4DC}.Release|Any CPU.ActiveCfg = Release|Any CPU
		{986D298B-29B9-4F9D-8902-95D35E76D4DC}.Release|Any CPU.Build.0 = Release|Any CPU
		{9D1EC6F4-F024-4498-8D12-30BCF5598F4E}.Debug|Any CPU.ActiveCfg = Debug|Any CPU
		{9D1EC6F4-F024-4498-8D12-30BCF5598F4E}.Debug|Any CPU.Build.0 = Debug|Any CPU
		{9D1EC6F4-F024-4498-8D12-30BCF5598F4E}.Release|Any CPU.ActiveCfg = Release|Any CPU
		{9D1EC6F4-F024-4498-8D12-30BCF5598F4E}.Release|Any CPU.Build.0 = Release|Any CPU
		{29C02BF1-7A23-486B-ADAA-B798A102BE4C}.Debug|Any CPU.ActiveCfg = Debug|Any CPU
		{29C02BF1-7A23-486B-ADAA-B798A102BE4C}.Debug|Any CPU.Build.0 = Debug|Any CPU
		{29C02BF1-7A23-486B-ADAA-B798A102BE4C}.Release|Any CPU.ActiveCfg = Release|Any CPU
		{29C02BF1-7A23-486B-ADAA-B798A102BE4C}.Release|Any CPU.Build.0 = Release|Any CPU
		{587236AF-E051-4B21-8A49-2A076BFEE1BF}.Debug|Any CPU.ActiveCfg = Debug|Any CPU
		{587236AF-E051-4B21-8A49-2A076BFEE1BF}.Debug|Any CPU.Build.0 = Debug|Any CPU
		{587236AF-E051-4B21-8A49-2A076BFEE1BF}.Release|Any CPU.ActiveCfg = Release|Any CPU
		{587236AF-E051-4B21-8A49-2A076BFEE1BF}.Release|Any CPU.Build.0 = Release|Any CPU
		{3C45D8DA-6971-4CF7-A0A7-09697DC1CF03}.Debug|Any CPU.ActiveCfg = Debug|Any CPU
		{3C45D8DA-6971-4CF7-A0A7-09697DC1CF03}.Debug|Any CPU.Build.0 = Debug|Any CPU
		{3C45D8DA-6971-4CF7-A0A7-09697DC1CF03}.Release|Any CPU.ActiveCfg = Release|Any CPU
		{3C45D8DA-6971-4CF7-A0A7-09697DC1CF03}.Release|Any CPU.Build.0 = Release|Any CPU
		{B33B644B-271A-436E-A650-A2C899A306E2}.Debug|Any CPU.ActiveCfg = Debug|Any CPU
		{B33B644B-271A-436E-A650-A2C899A306E2}.Debug|Any CPU.Build.0 = Debug|Any CPU
		{B33B644B-271A-436E-A650-A2C899A306E2}.Release|Any CPU.ActiveCfg = Release|Any CPU
		{B33B644B-271A-436E-A650-A2C899A306E2}.Release|Any CPU.Build.0 = Release|Any CPU
		{2A9FB60A-0A95-4F72-A5C5-AEAE67FC9A5E}.Debug|Any CPU.ActiveCfg = Debug|Any CPU
		{2A9FB60A-0A95-4F72-A5C5-AEAE67FC9A5E}.Debug|Any CPU.Build.0 = Debug|Any CPU
		{2A9FB60A-0A95-4F72-A5C5-AEAE67FC9A5E}.Release|Any CPU.ActiveCfg = Release|Any CPU
		{2A9FB60A-0A95-4F72-A5C5-AEAE67FC9A5E}.Release|Any CPU.Build.0 = Release|Any CPU
		{A6FDDEBC-8CB1-4EDE-A608-CD6943E1A3CB}.Debug|Any CPU.ActiveCfg = Debug|Any CPU
		{A6FDDEBC-8CB1-4EDE-A608-CD6943E1A3CB}.Debug|Any CPU.Build.0 = Debug|Any CPU
		{A6FDDEBC-8CB1-4EDE-A608-CD6943E1A3CB}.Release|Any CPU.ActiveCfg = Release|Any CPU
		{A6FDDEBC-8CB1-4EDE-A608-CD6943E1A3CB}.Release|Any CPU.Build.0 = Release|Any CPU
	EndGlobalSection
EndGlobal
